
Microsoft Visual Studio Solution File, Format Version 12.00
# Visual Studio Version 16
VisualStudioVersion = 16.0.30907.101
MinimumVisualStudioVersion = 10.0.40219.1
Project("{FAE04EC0-301F-11D3-BF4B-00C04F79EFBC}") = "Santa_Shop", "Santa_Shop\Santa_Shop.csproj", "{2CAC14DE-397A-4FDD-BD2E-3BE096E61BA1}"
EndProject
Global
	GlobalSection(SolutionConfigurationPlatforms) = preSolution
		Debug|Any CPU = Debug|Any CPU
		Release|Any CPU = Release|Any CPU
	EndGlobalSection
	GlobalSection(ProjectConfigurationPlatforms) = postSolution
		{2CAC14DE-397A-4FDD-BD2E-3BE096E61BA1}.Debug|Any CPU.ActiveCfg = Debug|Any CPU
		{2CAC14DE-397A-4FDD-BD2E-3BE096E61BA1}.Debug|Any CPU.Build.0 = Debug|Any CPU
		{2CAC14DE-397A-4FDD-BD2E-3BE096E61BA1}.Release|Any CPU.ActiveCfg = Release|Any CPU
		{2CAC14DE-397A-4FDD-BD2E-3BE096E61BA1}.Release|Any CPU.Build.0 = Release|Any CPU
	EndGlobalSection
	GlobalSection(SolutionProperties) = preSolution
		HideSolutionNode = FALSE
	EndGlobalSection
	GlobalSection(ExtensibilityGlobals) = postSolution
		SolutionGuid = {C6F8DE0E-96F1-4D9D-B6B0-B2FC844124F3}
	EndGlobalSection
EndGlobal
